
Microsoft Visual Studio Solution File, Format Version 12.00
# Visual Studio 14
VisualStudioVersion = 14.0.25123.0
MinimumVisualStudioVersion = 10.0.40219.1
Project("{FAE04EC0-301F-11D3-BF4B-00C04F79EFBC}") = "OrangeChess", "OrangeChess\OrangeChess.csproj", "{CCBDF4C9-6B11-4B85-ADCE-894C0EF64751}"
EndProject
Project("{FAE04EC0-301F-11D3-BF4B-00C04F79EFBC}") = "OrangeChessTests", "OrangeChessTests\OrangeChessTests.csproj", "{AB79627F-D0D2-40A1-914F-F373F9F54332}"
EndProject
Global
	GlobalSection(SolutionConfigurationPlatforms) = preSolution
		Debug|Any CPU = Debug|Any CPU
		Release|Any CPU = Release|Any CPU
	EndGlobalSection
	GlobalSection(ProjectConfigurationPlatforms) = postSolution
		{CCBDF4C9-6B11-4B85-ADCE-894C0EF64751}.Debug|Any CPU.ActiveCfg = Debug|Any CPU
		{CCBDF4C9-6B11-4B85-ADCE-894C0EF64751}.Debug|Any CPU.Build.0 = Debug|Any CPU
		{CCBDF4C9-6B11-4B85-ADCE-894C0EF64751}.Release|Any CPU.ActiveCfg = Release|Any CPU
		{CCBDF4C9-6B11-4B85-ADCE-894C0EF64751}.Release|Any CPU.Build.0 = Release|Any CPU
		{AB79627F-D0D2-40A1-914F-F373F9F54332}.Debug|Any CPU.ActiveCfg = Debug|Any CPU
		{AB79627F-D0D2-40A1-914F-F373F9F54332}.Debug|Any CPU.Build.0 = Debug|Any CPU
		{AB79627F-D0D2-40A1-914F-F373F9F54332}.Release|Any CPU.ActiveCfg = Release|Any CPU
		{AB79627F-D0D2-40A1-914F-F373F9F54332}.Release|Any CPU.Build.0 = Release|Any CPU
	EndGlobalSection
	GlobalSection(SolutionProperties) = preSolution
		HideSolutionNode = FALSE
	EndGlobalSection
EndGlobal
